
Microsoft Visual Studio Solution File, Format Version 12.00
# Visual Studio Version 16
VisualStudioVersion = 16.0.31727.386
MinimumVisualStudioVersion = 10.0.40219.1
Project("{FAE04EC0-301F-11D3-BF4B-00C04F79EFBC}") = "FreedomFramework.Client", "FreedomFramework.Client\FreedomFramework.Client.csproj", "{B5012FBC-FB49-4003-B355-A673241147BC}"
EndProject
Project("{FAE04EC0-301F-11D3-BF4B-00C04F79EFBC}") = "FreedomFramework.Server", "FreedomFramework.Server\FreedomFramework.Server.csproj", "{A8BBEADD-51CA-4444-9DF8-BD4A03546568}"
EndProject
Global
	GlobalSection(SolutionConfigurationPlatforms) = preSolution
		Debug|Any CPU = Debug|Any CPU
		Debug|x64 = Debug|x64
		Debug|x86 = Debug|x86
		Release|Any CPU = Release|Any CPU
		Release|x64 = Release|x64
		Release|x86 = Release|x86
	EndGlobalSection
	GlobalSection(ProjectConfigurationPlatforms) = postSolution
		{B5012FBC-FB49-4003-B355-A673241147BC}.Debug|Any CPU.ActiveCfg = Release|Any CPU
		{B5012FBC-FB49-4003-B355-A673241147BC}.Debug|Any CPU.Build.0 = Release|Any CPU
		{B5012FBC-FB49-4003-B355-A673241147BC}.Debug|x64.ActiveCfg = Debug|Any CPU
		{B5012FBC-FB49-4003-B355-A673241147BC}.Debug|x86.ActiveCfg = Debug|x86
		{B5012FBC-FB49-4003-B355-A673241147BC}.Debug|x86.Build.0 = Debug|x86
		{B5012FBC-FB49-4003-B355-A673241147BC}.Release|Any CPU.ActiveCfg = Release|Any CPU
		{B5012FBC-FB49-4003-B355-A673241147BC}.Release|Any CPU.Build.0 = Release|Any CPU
		{B5012FBC-FB49-4003-B355-A673241147BC}.Release|x64.ActiveCfg = Release|Any CPU
		{B5012FBC-FB49-4003-B355-A673241147BC}.Release|x86.ActiveCfg = Release|x86
		{B5012FBC-FB49-4003-B355-A673241147BC}.Release|x86.Build.0 = Release|x86
		{A8BBEADD-51CA-4444-9DF8-BD4A03546568}.Debug|Any CPU.ActiveCfg = Release|Any CPU
		{A8BBEADD-51CA-4444-9DF8-BD4A03546568}.Debug|Any CPU.Build.0 = Release|Any CPU
		{A8BBEADD-51CA-4444-9DF8-BD4A03546568}.Debug|x64.ActiveCfg = Debug|Any CPU
		{A8BBEADD-51CA-4444-9DF8-BD4A03546568}.Debug|x64.Build.0 = Debug|Any CPU
		{A8BBEADD-51CA-4444-9DF8-BD4A03546568}.Debug|x86.ActiveCfg = Debug|x86
		{A8BBEADD-51CA-4444-9DF8-BD4A03546568}.Debug|x86.Build.0 = Debug|x86
		{A8BBEADD-51CA-4444-9DF8-BD4A03546568}.Release|Any CPU.ActiveCfg = Release|Any CPU
		{A8BBEADD-51CA-4444-9DF8-BD4A03546568}.Release|Any CPU.Build.0 = Release|Any CPU
		{A8BBEADD-51CA-4444-9DF8-BD4A03546568}.Release|x64.ActiveCfg = Release|Any CPU
		{A8BBEADD-51CA-4444-9DF8-BD4A03546568}.Release|x64.Build.0 = Release|Any CPU
		{A8BBEADD-51CA-4444-9DF8-BD4A03546568}.Release|x86.ActiveCfg = Release|x86
		{A8BBEADD-51CA-4444-9DF8-BD4A03546568}.Release|x86.Build.0 = Release|x86
	EndGlobalSection
	GlobalSection(SolutionProperties) = preSolution
		HideSolutionNode = FALSE
	EndGlobalSection
	GlobalSection(ExtensibilityGlobals) = postSolution
		SolutionGuid = {7A7BD6C4-03C8-4504-A041-6472C70D731C}
	EndGlobalSection
EndGlobal
